
Microsoft Visual Studio Solution File, Format Version 12.00
# Visual Studio 15
VisualStudioVersion = 15.0.28307.271
MinimumVisualStudioVersion = 10.0.40219.1
Project("{FAE04EC0-301F-11D3-BF4B-00C04F79EFBC}") = "HW1 - calulator", "HW1 - calulator\HW1 - calulator.csproj", "{A574F94D-6D9A-4C1A-8BA4-B0EEEC69ACCE}"
EndProject
Global
	GlobalSection(SolutionConfigurationPlatforms) = preSolution
		Debug|Any CPU = Debug|Any CPU
		Release|Any CPU = Release|Any CPU
	EndGlobalSection
	GlobalSection(ProjectConfigurationPlatforms) = postSolution
		{A574F94D-6D9A-4C1A-8BA4-B0EEEC69ACCE}.Debug|Any CPU.ActiveCfg = Debug|Any CPU
		{A574F94D-6D9A-4C1A-8BA4-B0EEEC69ACCE}.Debug|Any CPU.Build.0 = Debug|Any CPU
		{A574F94D-6D9A-4C1A-8BA4-B0EEEC69ACCE}.Release|Any CPU.ActiveCfg = Release|Any CPU
		{A574F94D-6D9A-4C1A-8BA4-B0EEEC69ACCE}.Release|Any CPU.Build.0 = Release|Any CPU
	EndGlobalSection
	GlobalSection(SolutionProperties) = preSolution
		HideSolutionNode = FALSE
	EndGlobalSection
	GlobalSection(ExtensibilityGlobals) = postSolution
		SolutionGuid = {E35338D0-EDB9-43DB-B143-47E96EEFED9B}
	EndGlobalSection
EndGlobal
